
Microsoft Visual Studio Solution File, Format Version 12.00
# Visual Studio Version 17
VisualStudioVersion = 17.0.31607.12
MinimumVisualStudioVersion = 10.0.40219.1
Project("{8BC9CEB8-8B4A-11D0-8D11-00A0C91BC942}") = "DllProject", "DllProject\DllProject.vcxproj", "{A96E275B-0F12-44C7-B348-B8C4BAC40DE7}"
EndProject
Project("{8BC9CEB8-8B4A-11D0-8D11-00A0C91BC942}") = "ConsoleApplication", "ConsoleApplication\ConsoleApplication.vcxproj", "{255F3E94-8B36-41D8-8992-D5A6D3F1B3CB}"
EndProject
Global
	GlobalSection(SolutionConfigurationPlatforms) = preSolution
		Debug|x64 = Debug|x64
		Debug|x86 = Debug|x86
		Release|x64 = Release|x64
		Release|x86 = Release|x86
	EndGlobalSection
	GlobalSection(ProjectConfigurationPlatforms) = postSolution
		{A96E275B-0F12-44C7-B348-B8C4BAC40DE7}.Debug|x64.ActiveCfg = Debug|x64
		{A96E275B-0F12-44C7-B348-B8C4BAC40DE7}.Debug|x64.Build.0 = Debug|x64
		{A96E275B-0F12-44C7-B348-B8C4BAC40DE7}.Debug|x86.ActiveCfg = Debug|Win32
		{A96E275B-0F12-44C7-B348-B8C4BAC40DE7}.Debug|x86.Build.0 = Debug|Win32
		{A96E275B-0F12-44C7-B348-B8C4BAC40DE7}.Release|x64.ActiveCfg = Release|x64
		{A96E275B-0F12-44C7-B348-B8C4BAC40DE7}.Release|x64.Build.0 = Release|x64
		{A96E275B-0F12-44C7-B348-B8C4BAC40DE7}.Release|x86.ActiveCfg = Release|Win32
		{A96E275B-0F12-44C7-B348-B8C4BAC40DE7}.Release|x86.Build.0 = Release|Win32
		{255F3E94-8B36-41D8-8992-D5A6D3F1B3CB}.Debug|x64.ActiveCfg = Debug|x64
		{255F3E94-8B36-41D8-8992-D5A6D3F1B3CB}.Debug|x64.Build.0 = Debug|x64
		{255F3E94-8B36-41D8-8992-D5A6D3F1B3CB}.Debug|x86.ActiveCfg = Debug|Win32
		{255F3E94-8B36-41D8-8992-D5A6D3F1B3CB}.Debug|x86.Build.0 = Debug|Win32
		{255F3E94-8B36-41D8-8992-D5A6D3F1B3CB}.Release|x64.ActiveCfg = Release|x64
		{255F3E94-8B36-41D8-8992-D5A6D3F1B3CB}.Release|x64.Build.0 = Release|x64
		{255F3E94-8B36-41D8-8992-D5A6D3F1B3CB}.Release|x86.ActiveCfg = Release|Win32
		{255F3E94-8B36-41D8-8992-D5A6D3F1B3CB}.Release|x86.Build.0 = Release|Win32
	EndGlobalSection
	GlobalSection(SolutionProperties) = preSolution
		HideSolutionNode = FALSE
	EndGlobalSection
	GlobalSection(ExtensibilityGlobals) = postSolution
		SolutionGuid = {AE707848-8767-484D-B794-7447781653B6}
	EndGlobalSection
EndGlobal
